// !$*UTF8*$!
{
	archiveVersion = 1;
	classes = {
	};
	objectVersion = 45;
	objects = {

/* Begin PBXBuildFile section */
		1DDD58160DA1D0A300B32029 /* MainMenu.xib in Resources */ = {isa = PBXBuildFile; fileRef = 1DDD58140DA1D0A300B32029 /* MainMenu.xib */; };
		4B17E15010DF7A6D000F3861 /* WindowController.m in Sources */ = {isa = PBXBuildFile; fileRef = 4B17E14F10DF7A6D000F3861 /* WindowController.m */; };
		4B17E16510DF8743000F3861 /* CocoaSequenceGrabber.framework in Frameworks */ = {isa = PBXBuildFile; fileRef = 4B17E16410DF8743000F3861 /* CocoaSequenceGrabber.framework */; };
		4B17E5B910E2D324000F3861 /* main.py in Resources */ = {isa = PBXBuildFile; fileRef = 4B17E5B810E2D324000F3861 /* main.py */; };
		4B17E61810E2D9F0000F3861 /* clearer.py in Resources */ = {isa = PBXBuildFile; fileRef = 4B17E60D10E2D9F0000F3861 /* clearer.py */; };
		4B17E61910E2D9F0000F3861 /* init.py in Resources */ = {isa = PBXBuildFile; fileRef = 4B17E60E10E2D9F0000F3861 /* init.py */; };
		4B17E61A10E2D9F0000F3861 /* init.pyc in Resources */ = {isa = PBXBuildFile; fileRef = 4B17E60F10E2D9F0000F3861 /* init.pyc */; };
		4B17E61B10E2D9F0000F3861 /* kamera.py in Resources */ = {isa = PBXBuildFile; fileRef = 4B17E61010E2D9F0000F3861 /* kamera.py */; };
		4B17E61C10E2D9F0000F3861 /* kamera.pyc in Resources */ = {isa = PBXBuildFile; fileRef = 4B17E61110E2D9F0000F3861 /* kamera.pyc */; };
		4B17E61D10E2D9F0000F3861 /* objctools.py in Resources */ = {isa = PBXBuildFile; fileRef = 4B17E61210E2D9F0000F3861 /* objctools.py */; };
		4B17E61E10E2D9F0000F3861 /* objctools.pyc in Resources */ = {isa = PBXBuildFile; fileRef = 4B17E61310E2D9F0000F3861 /* objctools.pyc */; };
		4B17E61F10E2D9F0000F3861 /* runcmd.py in Resources */ = {isa = PBXBuildFile; fileRef = 4B17E61410E2D9F0000F3861 /* runcmd.py */; };
		4B17E62010E2D9F0000F3861 /* runcmd.pyc in Resources */ = {isa = PBXBuildFile; fileRef = 4B17E61510E2D9F0000F3861 /* runcmd.pyc */; };
		4B17E62110E2D9F0000F3861 /* transformace.py in Resources */ = {isa = PBXBuildFile; fileRef = 4B17E61610E2D9F0000F3861 /* transformace.py */; };
		4B17E62210E2D9F0000F3861 /* transformace.pyc in Resources */ = {isa = PBXBuildFile; fileRef = 4B17E61710E2D9F0000F3861 /* transformace.pyc */; };
		8D11072B0486CEB800E47090 /* InfoPlist.strings in Resources */ = {isa = PBXBuildFile; fileRef = 089C165CFE840E0CC02AAC07 /* InfoPlist.strings */; };
		8D11072D0486CEB800E47090 /* main.m in Sources */ = {isa = PBXBuildFile; fileRef = 29B97316FDCFA39411CA2CEA /* main.m */; settings = {ATTRIBUTES = (); }; };
		8D11072F0486CEB800E47090 /* Cocoa.framework in Frameworks */ = {isa = PBXBuildFile; fileRef = 1058C7A1FEA54F0111CA2CBB /* Cocoa.framework */; };
/* End PBXBuildFile section */

/* Begin PBXFileReference section */
		089C165DFE840E0CC02AAC07 /* English */ = {isa = PBXFileReference; fileEncoding = 4; lastKnownFileType = text.plist.strings; name = English; path = English.lproj/InfoPlist.strings; sourceTree = "<group>"; };
		1058C7A1FEA54F0111CA2CBB /* Cocoa.framework */ = {isa = PBXFileReference; lastKnownFileType = wrapper.framework; name = Cocoa.framework; path = /System/Library/Frameworks/Cocoa.framework; sourceTree = "<absolute>"; };
		13E42FB307B3F0F600E4EEF1 /* CoreData.framework */ = {isa = PBXFileReference; lastKnownFileType = wrapper.framework; name = CoreData.framework; path = /System/Library/Frameworks/CoreData.framework; sourceTree = "<absolute>"; };
		1DDD58150DA1D0A300B32029 /* English */ = {isa = PBXFileReference; lastKnownFileType = file.xib; name = English; path = English.lproj/MainMenu.xib; sourceTree = "<group>"; };
		256AC3F00F4B6AF500CF3369 /* HledaniBodu_Prefix.pch */ = {isa = PBXFileReference; fileEncoding = 4; lastKnownFileType = sourcecode.c.h; path = HledaniBodu_Prefix.pch; sourceTree = "<group>"; };
		29B97316FDCFA39411CA2CEA /* main.m */ = {isa = PBXFileReference; fileEncoding = 4; lastKnownFileType = sourcecode.c.objc; path = main.m; sourceTree = "<group>"; };
		29B97324FDCFA39411CA2CEA /* AppKit.framework */ = {isa = PBXFileReference; lastKnownFileType = wrapper.framework; name = AppKit.framework; path = /System/Library/Frameworks/AppKit.framework; sourceTree = "<absolute>"; };
		29B97325FDCFA39411CA2CEA /* Foundation.framework */ = {isa = PBXFileReference; lastKnownFileType = wrapper.framework; name = Foundation.framework; path = /System/Library/Frameworks/Foundation.framework; sourceTree = "<absolute>"; };
		4B17E14E10DF7A6D000F3861 /* WindowController.h */ = {isa = PBXFileReference; fileEncoding = 4; lastKnownFileType = sourcecode.c.h; path = WindowController.h; sourceTree = "<group>"; };
		4B17E14F10DF7A6D000F3861 /* WindowController.m */ = {isa = PBXFileReference; fileEncoding = 4; lastKnownFileType = sourcecode.c.objc; path = WindowController.m; sourceTree = "<group>"; };
		4B17E16410DF8743000F3861 /* CocoaSequenceGrabber.framework */ = {isa = PBXFileReference; lastKnownFileType = wrapper.framework; name = CocoaSequenceGrabber.framework; path = /Library/Frameworks/CocoaSequenceGrabber.framework; sourceTree = "<absolute>"; };
		4B17E5B810E2D324000F3861 /* main.py */ = {isa = PBXFileReference; fileEncoding = 4; lastKnownFileType = text.script.python; name = main.py; path = ../main.py; sourceTree = SOURCE_ROOT; };
		4B17E60D10E2D9F0000F3861 /* clearer.py */ = {isa = PBXFileReference; fileEncoding = 4; lastKnownFileType = text.script.python; name = clearer.py; path = ../clearer.py; sourceTree = SOURCE_ROOT; };
		4B17E60E10E2D9F0000F3861 /* init.py */ = {isa = PBXFileReference; fileEncoding = 4; lastKnownFileType = text.script.python; name = init.py; path = ../init.py; sourceTree = SOURCE_ROOT; };
		4B17E60F10E2D9F0000F3861 /* init.pyc */ = {isa = PBXFileReference; lastKnownFileType = file; name = init.pyc; path = ../init.pyc; sourceTree = SOURCE_ROOT; };
		4B17E61010E2D9F0000F3861 /* kamera.py */ = {isa = PBXFileReference; fileEncoding = 4; lastKnownFileType = text.script.python; name = kamera.py; path = ../kamera.py; sourceTree = SOURCE_ROOT; };
		4B17E61110E2D9F0000F3861 /* kamera.pyc */ = {isa = PBXFileReference; lastKnownFileType = file; name = kamera.pyc; path = ../kamera.pyc; sourceTree = SOURCE_ROOT; };
		4B17E61210E2D9F0000F3861 /* objctools.py */ = {isa = PBXFileReference; fileEncoding = 4; lastKnownFileType = text.script.python; name = objctools.py; path = ../objctools.py; sourceTree = SOURCE_ROOT; };
		4B17E61310E2D9F0000F3861 /* objctools.pyc */ = {isa = PBXFileReference; lastKnownFileType = file; name = objctools.pyc; path = ../objctools.pyc; sourceTree = SOURCE_ROOT; };
		4B17E61410E2D9F0000F3861 /* runcmd.py */ = {isa = PBXFileReference; fileEncoding = 4; lastKnownFileType = text.script.python; name = runcmd.py; path = ../runcmd.py; sourceTree = SOURCE_ROOT; };
		4B17E61510E2D9F0000F3861 /* runcmd.pyc */ = {isa = PBXFileReference; lastKnownFileType = file; name = runcmd.pyc; path = ../runcmd.pyc; sourceTree = SOURCE_ROOT; };
		4B17E61610E2D9F0000F3861 /* transformace.py */ = {isa = PBXFileReference; fileEncoding = 4; lastKnownFileType = text.script.python; name = transformace.py; path = ../transformace.py; sourceTree = SOURCE_ROOT; };
		4B17E61710E2D9F0000F3861 /* transformace.pyc */ = {isa = PBXFileReference; lastKnownFileType = file; name = transformace.pyc; path = ../transformace.pyc; sourceTree = SOURCE_ROOT; };
		8D1107310486CEB800E47090 /* HledaniBodu-Info.plist */ = {isa = PBXFileReference; fileEncoding = 4; lastKnownFileType = text.plist.xml; path = "HledaniBodu-Info.plist"; sourceTree = "<group>"; };
		8D1107320486CEB800E47090 /* HledaniBodu.app */ = {isa = PBXFileReference; explicitFileType = wrapper.application; includeInIndex = 0; path = HledaniBodu.app; sourceTree = BUILT_PRODUCTS_DIR; };
/* End PBXFileReference section */

/* Begin PBXFrameworksBuildPhase section */
		8D11072E0486CEB800E47090 /* Frameworks */ = {
			isa = PBXFrameworksBuildPhase;
			buildActionMask = 2147483647;
			files = (
				8D11072F0486CEB800E47090 /* Cocoa.framework in Frameworks */,
				4B17E16510DF8743000F3861 /* CocoaSequenceGrabber.framework in Frameworks */,
			);
			runOnlyForDeploymentPostprocessing = 0;
		};
/* End PBXFrameworksBuildPhase section */

/* Begin PBXGroup section */
		080E96DDFE201D6D7F000001 /* Classes */ = {
			isa = PBXGroup;
			children = (
				4B17E14E10DF7A6D000F3861 /* WindowController.h */,
				4B17E14F10DF7A6D000F3861 /* WindowController.m */,
			);
			name = Classes;
			sourceTree = "<group>";
		};
		1058C7A0FEA54F0111CA2CBB /* Linked Frameworks */ = {
			isa = PBXGroup;
			children = (
				4B17E16410DF8743000F3861 /* CocoaSequenceGrabber.framework */,
				1058C7A1FEA54F0111CA2CBB /* Cocoa.framework */,
			);
			name = "Linked Frameworks";
			sourceTree = "<group>";
		};
		1058C7A2FEA54F0111CA2CBB /* Other Frameworks */ = {
			isa = PBXGroup;
			children = (
				29B97324FDCFA39411CA2CEA /* AppKit.framework */,
				13E42FB307B3F0F600E4EEF1 /* CoreData.framework */,
				29B97325FDCFA39411CA2CEA /* Foundation.framework */,
			);
			name = "Other Frameworks";
			sourceTree = "<group>";
		};
		19C28FACFE9D520D11CA2CBB /* Products */ = {
			isa = PBXGroup;
			children = (
				8D1107320486CEB800E47090 /* HledaniBodu.app */,
			);
			name = Products;
			sourceTree = "<group>";
		};
		29B97314FDCFA39411CA2CEA /* HledaniBodu */ = {
			isa = PBXGroup;
			children = (
				080E96DDFE201D6D7F000001 /* Classes */,
				29B97315FDCFA39411CA2CEA /* Other Sources */,
				29B97317FDCFA39411CA2CEA /* Resources */,
				29B97323FDCFA39411CA2CEA /* Frameworks */,
				19C28FACFE9D520D11CA2CBB /* Products */,
			);
			name = HledaniBodu;
			sourceTree = "<group>";
		};
		29B97315FDCFA39411CA2CEA /* Other Sources */ = {
			isa = PBXGroup;
			children = (
				256AC3F00F4B6AF500CF3369 /* HledaniBodu_Prefix.pch */,
				29B97316FDCFA39411CA2CEA /* main.m */,
			);
			name = "Other Sources";
			sourceTree = "<group>";
		};
		29B97317FDCFA39411CA2CEA /* Resources */ = {
			isa = PBXGroup;
			children = (
				4B17E60D10E2D9F0000F3861 /* clearer.py */,
				4B17E60E10E2D9F0000F3861 /* init.py */,
				4B17E60F10E2D9F0000F3861 /* init.pyc */,
				4B17E61010E2D9F0000F3861 /* kamera.py */,
				4B17E61110E2D9F0000F3861 /* kamera.pyc */,
				4B17E61210E2D9F0000F3861 /* objctools.py */,
				4B17E61310E2D9F0000F3861 /* objctools.pyc */,
				4B17E61410E2D9F0000F3861 /* runcmd.py */,
				4B17E61510E2D9F0000F3861 /* runcmd.pyc */,
				4B17E61610E2D9F0000F3861 /* transformace.py */,
				4B17E61710E2D9F0000F3861 /* transformace.pyc */,
				4B17E5B810E2D324000F3861 /* main.py */,
				8D1107310486CEB800E47090 /* HledaniBodu-Info.plist */,
				089C165CFE840E0CC02AAC07 /* InfoPlist.strings */,
				1DDD58140DA1D0A300B32029 /* MainMenu.xib */,
			);
			name = Resources;
			sourceTree = "<group>";
		};
		29B97323FDCFA39411CA2CEA /* Frameworks */ = {
			isa = PBXGroup;
			children = (
				1058C7A0FEA54F0111CA2CBB /* Linked Frameworks */,
				1058C7A2FEA54F0111CA2CBB /* Other Frameworks */,
			);
			name = Frameworks;
			sourceTree = "<group>";
		};
/* End PBXGroup section */

/* Begin PBXNativeTarget section */
		8D1107260486CEB800E47090 /* HledaniBodu */ = {
			isa = PBXNativeTarget;
			buildConfigurationList = C01FCF4A08A954540054247B /* Build configuration list for PBXNativeTarget "HledaniBodu" */;
			buildPhases = (
				8D1107290486CEB800E47090 /* Resources */,
				8D11072C0486CEB800E47090 /* Sources */,
				8D11072E0486CEB800E47090 /* Frameworks */,
			);
			buildRules = (
			);
			dependencies = (
			);
			name = HledaniBodu;
			productInstallPath = "$(HOME)/Applications";
			productName = HledaniBodu;
			productReference = 8D1107320486CEB800E47090 /* HledaniBodu.app */;
			productType = "com.apple.product-type.application";
		};
/* End PBXNativeTarget section */

/* Begin PBXProject section */
		29B97313FDCFA39411CA2CEA /* Project object */ = {
			isa = PBXProject;
			buildConfigurationList = C01FCF4E08A954540054247B /* Build configuration list for PBXProject "HledaniBodu" */;
			compatibilityVersion = "Xcode 3.1";
			hasScannedForEncodings = 1;
			mainGroup = 29B97314FDCFA39411CA2CEA /* HledaniBodu */;
			projectDirPath = "";
			projectRoot = "";
			targets = (
				8D1107260486CEB800E47090 /* HledaniBodu */,
			);
		};
/* End PBXProject section */

/* Begin PBXResourcesBuildPhase section */
		8D1107290486CEB800E47090 /* Resources */ = {
			isa = PBXResourcesBuildPhase;
			buildActionMask = 2147483647;
			files = (
				8D11072B0486CEB800E47090 /* InfoPlist.strings in Resources */,
				1DDD58160DA1D0A300B32029 /* MainMenu.xib in Resources */,
				4B17E5B910E2D324000F3861 /* main.py in Resources */,
				4B17E61810E2D9F0000F3861 /* clearer.py in Resources */,
				4B17E61910E2D9F0000F3861 /* init.py in Resources */,
				4B17E61A10E2D9F0000F3861 /* init.pyc in Resources */,
				4B17E61B10E2D9F0000F3861 /* kamera.py in Resources */,
				4B17E61C10E2D9F0000F3861 /* kamera.pyc in Resources */,
				4B17E61D10E2D9F0000F3861 /* objctools.py in Resources */,
				4B17E61E10E2D9F0000F3861 /* objctools.pyc in Resources */,
				4B17E61F10E2D9F0000F3861 /* runcmd.py in Resources */,
				4B17E62010E2D9F0000F3861 /* runcmd.pyc in Resources */,
				4B17E62110E2D9F0000F3861 /* transformace.py in Resources */,
				4B17E62210E2D9F0000F3861 /* transformace.pyc in Resources */,
			);
			runOnlyForDeploymentPostprocessing = 0;
		};
/* End PBXResourcesBuildPhase section */

/* Begin PBXSourcesBuildPhase section */
		8D11072C0486CEB800E47090 /* Sources */ = {
			isa = PBXSourcesBuildPhase;
			buildActionMask = 2147483647;
			files = (
				8D11072D0486CEB800E47090 /* main.m in Sources */,
				4B17E15010DF7A6D000F3861 /* WindowController.m in Sources */,
			);
			runOnlyForDeploymentPostprocessing = 0;
		};
/* End PBXSourcesBuildPhase section */

/* Begin PBXVariantGroup section */
		089C165CFE840E0CC02AAC07 /* InfoPlist.strings */ = {
			isa = PBXVariantGroup;
			children = (
				089C165DFE840E0CC02AAC07 /* English */,
			);
			name = InfoPlist.strings;
			sourceTree = "<group>";
		};
		1DDD58140DA1D0A300B32029 /* MainMenu.xib */ = {
			isa = PBXVariantGroup;
			children = (
				1DDD58150DA1D0A300B32029 /* English */,
			);
			name = MainMenu.xib;
			sourceTree = "<group>";
		};
/* End PBXVariantGroup section */

/* Begin XCBuildConfiguration section */
		C01FCF4B08A954540054247B /* Debug */ = {
			isa = XCBuildConfiguration;
			buildSettings = {
				ALWAYS_SEARCH_USER_PATHS = NO;
				COPY_PHASE_STRIP = NO;
				GCC_DYNAMIC_NO_PIC = NO;
				GCC_ENABLE_FIX_AND_CONTINUE = YES;
				GCC_MODEL_TUNING = G5;
				GCC_OPTIMIZATION_LEVEL = 0;
				GCC_PRECOMPILE_PREFIX_HEADER = YES;
				GCC_PREFIX_HEADER = HledaniBodu_Prefix.pch;
				INFOPLIST_FILE = "HledaniBodu-Info.plist";
				INSTALL_PATH = "$(HOME)/Applications";
				PRODUCT_NAME = HledaniBodu;
			};
			name = Debug;
		};
		C01FCF4C08A954540054247B /* Release */ = {
			isa = XCBuildConfiguration;
			buildSettings = {
				ALWAYS_SEARCH_USER_PATHS = NO;
				DEBUG_INFORMATION_FORMAT = "dwarf-with-dsym";
				GCC_MODEL_TUNING = G5;
				GCC_PRECOMPILE_PREFIX_HEADER = YES;
				GCC_PREFIX_HEADER = HledaniBodu_Prefix.pch;
				INFOPLIST_FILE = "HledaniBodu-Info.plist";
				INSTALL_PATH = "$(HOME)/Applications";
				PRODUCT_NAME = HledaniBodu;
			};
			name = Release;
		};
		C01FCF4F08A954540054247B /* Debug */ = {
			isa = XCBuildConfiguration;
			buildSettings = {
				ARCHS = "$(ARCHS_STANDARD_32_64_BIT)";
				GCC_C_LANGUAGE_STANDARD = gnu99;
				GCC_OPTIMIZATION_LEVEL = 0;
				GCC_WARN_ABOUT_RETURN_TYPE = YES;
				GCC_WARN_UNUSED_VARIABLE = YES;
				ONLY_ACTIVE_ARCH = YES;
				PREBINDING = NO;
				SDKROOT = macosx10.6;
			};
			name = Debug;
		};
		C01FCF5008A954540054247B /* Release */ = {
			isa = XCBuildConfiguration;
			buildSettings = {
				ARCHS = "$(ARCHS_STANDARD_32_64_BIT)";
				GCC_C_LANGUAGE_STANDARD = gnu99;
				GCC_WARN_ABOUT_RETURN_TYPE = YES;
				GCC_WARN_UNUSED_VARIABLE = YES;
				PREBINDING = NO;
				SDKROOT = macosx10.6;
			};
			name = Release;
		};
/* End XCBuildConfiguration section */

/* Begin XCConfigurationList section */
		C01FCF4A08A954540054247B /* Build configuration list for PBXNativeTarget "HledaniBodu" */ = {
			isa = XCConfigurationList;
			buildConfigurations = (
				C01FCF4B08A954540054247B /* Debug */,
				C01FCF4C08A954540054247B /* Release */,
			);
			defaultConfigurationIsVisible = 0;
			defaultConfigurationName = Release;
		};
		C01FCF4E08A954540054247B /* Build configuration list for PBXProject "HledaniBodu" */ = {
			isa = XCConfigurationList;
			buildConfigurations = (
				C01FCF4F08A954540054247B /* Debug */,
				C01FCF5008A954540054247B /* Release */,
			);
			defaultConfigurationIsVisible = 0;
			defaultConfigurationName = Release;
		};
/* End XCConfigurationList section */
	};
	rootObject = 29B97313FDCFA39411CA2CEA /* Project object */;
}
